
Microsoft Visual Studio Solution File, Format Version 12.00
# Visual Studio 15
VisualStudioVersion = 15.0.27428.2037
MinimumVisualStudioVersion = 10.0.40219.1
Project("{FAE04EC0-301F-11D3-BF4B-00C04F79EFBC}") = "AMDSystems", "AMDSystems\AMDSystems.csproj", "{D5ABA384-845E-4ACC-A5E0-20758FD02F30}"
EndProject
Project("{FAE04EC0-301F-11D3-BF4B-00C04F79EFBC}") = "Core Project", "Core Project\Core Project.csproj", "{CFDF68DC-3EC9-4276-9269-5139FCD72E8D}"
EndProject
Project("{FAE04EC0-301F-11D3-BF4B-00C04F79EFBC}") = "Infrastructure", "Infrastructure\Infrastructure.csproj", "{8861C562-EC5D-40B9-BEE5-9CE178A7D704}"
EndProject
Project("{FAE04EC0-301F-11D3-BF4B-00C04F79EFBC}") = "Database", "Database\Database.csproj", "{5977A856-AF45-480D-8260-3F2D80460EC1}"
EndProject
Project("{2150E333-8FDC-42A3-9474-1A3956D46DE8}") = "Solution Items", "Solution Items", "{03741070-5AFC-4B8B-97B6-CDE3FA49F694}"
	ProjectSection(SolutionItems) = preProject
		Test Sync-Pull.txt = Test Sync-Pull.txt
	EndProjectSection
EndProject
Global
	GlobalSection(SolutionConfigurationPlatforms) = preSolution
		Debug|Any CPU = Debug|Any CPU
		Release|Any CPU = Release|Any CPU
	EndGlobalSection
	GlobalSection(ProjectConfigurationPlatforms) = postSolution
		{D5ABA384-845E-4ACC-A5E0-20758FD02F30}.Debug|Any CPU.ActiveCfg = Debug|Any CPU
		{D5ABA384-845E-4ACC-A5E0-20758FD02F30}.Debug|Any CPU.Build.0 = Debug|Any CPU
		{D5ABA384-845E-4ACC-A5E0-20758FD02F30}.Release|Any CPU.ActiveCfg = Release|Any CPU
		{D5ABA384-845E-4ACC-A5E0-20758FD02F30}.Release|Any CPU.Build.0 = Release|Any CPU
		{CFDF68DC-3EC9-4276-9269-5139FCD72E8D}.Debug|Any CPU.ActiveCfg = Debug|Any CPU
		{CFDF68DC-3EC9-4276-9269-5139FCD72E8D}.Debug|Any CPU.Build.0 = Debug|Any CPU
		{CFDF68DC-3EC9-4276-9269-5139FCD72E8D}.Release|Any CPU.ActiveCfg = Release|Any CPU
		{CFDF68DC-3EC9-4276-9269-5139FCD72E8D}.Release|Any CPU.Build.0 = Release|Any CPU
		{8861C562-EC5D-40B9-BEE5-9CE178A7D704}.Debug|Any CPU.ActiveCfg = Debug|Any CPU
		{8861C562-EC5D-40B9-BEE5-9CE178A7D704}.Debug|Any CPU.Build.0 = Debug|Any CPU
		{8861C562-EC5D-40B9-BEE5-9CE178A7D704}.Release|Any CPU.ActiveCfg = Release|Any CPU
		{8861C562-EC5D-40B9-BEE5-9CE178A7D704}.Release|Any CPU.Build.0 = Release|Any CPU
		{5977A856-AF45-480D-8260-3F2D80460EC1}.Debug|Any CPU.ActiveCfg = Debug|Any CPU
		{5977A856-AF45-480D-8260-3F2D80460EC1}.Debug|Any CPU.Build.0 = Debug|Any CPU
		{5977A856-AF45-480D-8260-3F2D80460EC1}.Release|Any CPU.ActiveCfg = Release|Any CPU
		{5977A856-AF45-480D-8260-3F2D80460EC1}.Release|Any CPU.Build.0 = Release|Any CPU
	EndGlobalSection
	GlobalSection(SolutionProperties) = preSolution
		HideSolutionNode = FALSE
	EndGlobalSection
	GlobalSection(ExtensibilityGlobals) = postSolution
		SolutionGuid = {59F43957-C01A-468A-A1E2-51A639AE2BA6}
	EndGlobalSection
EndGlobal
